
Microsoft Visual Studio Solution File, Format Version 12.00
# Visual Studio Version 16
VisualStudioVersion = 16.0.29306.81
MinimumVisualStudioVersion = 10.0.40219.1
Project("{9A19103F-16F7-4668-BE54-9A1E7A4F7556}") = "RestaurantTemplate", "RestaurantTemplate.csproj", "{BDD92908-F6B4-438A-8440-1349488ACA3D}"
EndProject
Project("{FAE04EC0-301F-11D3-BF4B-00C04F79EFBC}") = "RestaurantTemplate.Core", "RestaurantTemplate.Core\RestaurantTemplate.Core.csproj", "{AF3643E8-18F9-4886-B20D-A9BF35D8D350}"
EndProject
Global
	GlobalSection(SolutionConfigurationPlatforms) = preSolution
		Debug|Any CPU = Debug|Any CPU
		Release|Any CPU = Release|Any CPU
	EndGlobalSection
	GlobalSection(ProjectConfigurationPlatforms) = postSolution
		{BDD92908-F6B4-438A-8440-1349488ACA3D}.Debug|Any CPU.ActiveCfg = Debug|Any CPU
		{BDD92908-F6B4-438A-8440-1349488ACA3D}.Debug|Any CPU.Build.0 = Debug|Any CPU
		{BDD92908-F6B4-438A-8440-1349488ACA3D}.Release|Any CPU.ActiveCfg = Release|Any CPU
		{BDD92908-F6B4-438A-8440-1349488ACA3D}.Release|Any CPU.Build.0 = Release|Any CPU
		{AF3643E8-18F9-4886-B20D-A9BF35D8D350}.Debug|Any CPU.ActiveCfg = Debug|Any CPU
		{AF3643E8-18F9-4886-B20D-A9BF35D8D350}.Debug|Any CPU.Build.0 = Debug|Any CPU
		{AF3643E8-18F9-4886-B20D-A9BF35D8D350}.Release|Any CPU.ActiveCfg = Release|Any CPU
		{AF3643E8-18F9-4886-B20D-A9BF35D8D350}.Release|Any CPU.Build.0 = Release|Any CPU
	EndGlobalSection
	GlobalSection(SolutionProperties) = preSolution
		HideSolutionNode = FALSE
	EndGlobalSection
	GlobalSection(ExtensibilityGlobals) = postSolution
		SolutionGuid = {E0146276-980F-47AD-BCA2-9B85200A9A96}
	EndGlobalSection
EndGlobal
